
Microsoft Visual Studio Solution File, Format Version 12.00
# Visual Studio Version 17
VisualStudioVersion = 17.5.33530.505
MinimumVisualStudioVersion = 10.0.40219.1
Project("{FAE04EC0-301F-11D3-BF4B-00C04F79EFBC}") = "TicTacToe", "TicTacToe.csproj", "{51B7CF2A-7E8E-4510-9F1A-526AF447B860}"
EndProject
Global
	GlobalSection(SolutionConfigurationPlatforms) = preSolution
		Debug|Any CPU = Debug|Any CPU
		Release|Any CPU = Release|Any CPU
	EndGlobalSection
	GlobalSection(ProjectConfigurationPlatforms) = postSolution
		{51B7CF2A-7E8E-4510-9F1A-526AF447B860}.Debug|Any CPU.ActiveCfg = Debug|Any CPU
		{51B7CF2A-7E8E-4510-9F1A-526AF447B860}.Debug|Any CPU.Build.0 = Debug|Any CPU
		{51B7CF2A-7E8E-4510-9F1A-526AF447B860}.Release|Any CPU.ActiveCfg = Release|Any CPU
		{51B7CF2A-7E8E-4510-9F1A-526AF447B860}.Release|Any CPU.Build.0 = Release|Any CPU
	EndGlobalSection
	GlobalSection(SolutionProperties) = preSolution
		HideSolutionNode = FALSE
	EndGlobalSection
	GlobalSection(ExtensibilityGlobals) = postSolution
		SolutionGuid = {4983579A-37C3-40A7-BA92-D37379A91359}
	EndGlobalSection
EndGlobal
